{
  "name": "mahjongers-landing",
  "version": "0.1.0",
  "lockfileVersion": 3,
  "requires": true,
  "packages": {
    "": {
      "name": "mahjongers-landing",
      "version": "0.1.0",
      "dependencies": {
        "@datafast/ai-crawl": "^1.0.7"
      },
      "engines": {
        "node": ">=22"
      }
    },
    "node_modules/@datafast/ai-crawl": {
      "version": "1.0.7",
      "resolved": "https://registry.npmjs.org/@datafast/ai-crawl/-/ai-crawl-1.0.7.tgz",
      "integrity": "sha512-lsW0UsJgiasTmqofyROBJEa0UiXHIRt5jsjugRNdYnbHDEJ7t2MI9uCvMrPFTR93U1MMuGuxQbMXZSnu/yTE4A==",
      "license": "MIT"
    }
  }
}
